<Solution>
  <Project Path="UnityEditor.TestRunner.csproj" />
  <Project Path="DLS.csproj" />
  <Project Path="SebVisDev.csproj" />
  <Project Path="Unity.VisualStudio.Editor.csproj" />
  <Project Path="UnityEngine.TestRunner.csproj" />
  <Project Path="Assembly-Seb.csproj" />
  <Project Path="DLS.Description.csproj" />
  <Project Path="Unity.Rider.Editor.csproj" />
  <Project Path="DLS.Dev.csproj" />
  <Project Path="Unity.SysrootPackage.Editor.csproj" />
  <Project Path="Unity.Toolchain.Win-x86_64-Linux.csproj" />
  <Project Path="Unity.Sysroot.Linux_x86_64.csproj" />
  <Project Path="Unity.Nuget.NewtonsoftJson.EditorTests.csproj" />
</Solution>
